
Microsoft Visual Studio Solution File, Format Version 12.00
# Visual Studio Version 16
VisualStudioVersion = 16.0.30413.136
MinimumVisualStudioVersion = 10.0.40219.1
Project("{FAE04EC0-301F-11D3-BF4B-00C04F79EFBC}") = "JwtDemo", "JwtDemo\JwtDemo.csproj", "{AE8EC3AF-5C01-4294-9E7F-2CA57B97F00D}"
EndProject
Global
	GlobalSection(SolutionConfigurationPlatforms) = preSolution
		Debug|Any CPU = Debug|Any CPU
		Release|Any CPU = Release|Any CPU
	EndGlobalSection
	GlobalSection(ProjectConfigurationPlatforms) = postSolution
		{AE8EC3AF-5C01-4294-9E7F-2CA57B97F00D}.Debug|Any CPU.ActiveCfg = Debug|Any CPU
		{AE8EC3AF-5C01-4294-9E7F-2CA57B97F00D}.Debug|Any CPU.Build.0 = Debug|Any CPU
		{AE8EC3AF-5C01-4294-9E7F-2CA57B97F00D}.Release|Any CPU.ActiveCfg = Release|Any CPU
		{AE8EC3AF-5C01-4294-9E7F-2CA57B97F00D}.Release|Any CPU.Build.0 = Release|Any CPU
	EndGlobalSection
	GlobalSection(SolutionProperties) = preSolution
		HideSolutionNode = FALSE
	EndGlobalSection
	GlobalSection(ExtensibilityGlobals) = postSolution
		SolutionGuid = {B65C1846-19F7-4E16-97BD-42D8D7E44AE7}
	EndGlobalSection
EndGlobal
